
Microsoft Visual Studio Solution File, Format Version 12.00
# Visual Studio Version 17
VisualStudioVersion = 17.3.32901.215
MinimumVisualStudioVersion = 10.0.40219.1
Project("{FAE04EC0-301F-11D3-BF4B-00C04F79EFBC}") = "PingPong", "PingPong.csproj", "{C7B79BE6-3468-4AB1-8791-CCD70097E182}"
EndProject
Global
	GlobalSection(SolutionConfigurationPlatforms) = preSolution
		Debug|Any CPU = Debug|Any CPU
		Release|Any CPU = Release|Any CPU
	EndGlobalSection
	GlobalSection(ProjectConfigurationPlatforms) = postSolution
		{C7B79BE6-3468-4AB1-8791-CCD70097E182}.Debug|Any CPU.ActiveCfg = Debug|Any CPU
		{C7B79BE6-3468-4AB1-8791-CCD70097E182}.Debug|Any CPU.Build.0 = Debug|Any CPU
		{C7B79BE6-3468-4AB1-8791-CCD70097E182}.Release|Any CPU.ActiveCfg = Release|Any CPU
		{C7B79BE6-3468-4AB1-8791-CCD70097E182}.Release|Any CPU.Build.0 = Release|Any CPU
	EndGlobalSection
	GlobalSection(SolutionProperties) = preSolution
		HideSolutionNode = FALSE
	EndGlobalSection
	GlobalSection(ExtensibilityGlobals) = postSolution
		SolutionGuid = {730EE356-0951-47E6-AD1C-1BC04EA89D9B}
	EndGlobalSection
EndGlobal
